
Microsoft Visual Studio Solution File, Format Version 12.00
# Visual Studio Version 17
VisualStudioVersion = 17.4.33122.133
MinimumVisualStudioVersion = 10.0.40219.1
Project("{9A19103F-16F7-4668-BE54-9A1E7A4F7556}") = "Api", "Api\Api.csproj", "{48DCCDD1-8C8E-4448-82FF-463542E628B2}"
EndProject
Global
	GlobalSection(SolutionConfigurationPlatforms) = preSolution
		Debug|Any CPU = Debug|Any CPU
		Release|Any CPU = Release|Any CPU
	EndGlobalSection
	GlobalSection(ProjectConfigurationPlatforms) = postSolution
		{48DCCDD1-8C8E-4448-82FF-463542E628B2}.Debug|Any CPU.ActiveCfg = Debug|Any CPU
		{48DCCDD1-8C8E-4448-82FF-463542E628B2}.Debug|Any CPU.Build.0 = Debug|Any CPU
		{48DCCDD1-8C8E-4448-82FF-463542E628B2}.Release|Any CPU.ActiveCfg = Release|Any CPU
		{48DCCDD1-8C8E-4448-82FF-463542E628B2}.Release|Any CPU.Build.0 = Release|Any CPU
	EndGlobalSection
	GlobalSection(SolutionProperties) = preSolution
		HideSolutionNode = FALSE
	EndGlobalSection
	GlobalSection(ExtensibilityGlobals) = postSolution
		SolutionGuid = {2E8B89EE-C7EB-46E8-B4C9-AF21B4E97E62}
	EndGlobalSection
EndGlobal
